// !$*UTF8*$!
{
	archiveVersion = 1;
	classes = {
	};
	objectVersion = 56;
	objects = {

/* Begin PBXBuildFile section */
		6508075128F53F51009A8CA5 /* TestSavePDFApp.swift in Sources */ = {isa = PBXBuildFile; fileRef = 6508075028F53F51009A8CA5 /* TestSavePDFApp.swift */; };
		6508075328F53F51009A8CA5 /* ContentView.swift in Sources */ = {isa = PBXBuildFile; fileRef = 6508075228F53F51009A8CA5 /* ContentView.swift */; };
		6508075528F53F53009A8CA5 /* Assets.xcassets in Resources */ = {isa = PBXBuildFile; fileRef = 6508075428F53F53009A8CA5 /* Assets.xcassets */; };
		6508075828F53F53009A8CA5 /* Preview Assets.xcassets in Resources */ = {isa = PBXBuildFile; fileRef = 6508075728F53F53009A8CA5 /* Preview Assets.xcassets */; };
		6508076228F53F53009A8CA5 /* TestSavePDFTests.swift in Sources */ = {isa = PBXBuildFile; fileRef = 6508076128F53F53009A8CA5 /* TestSavePDFTests.swift */; };
		6508076C28F53F53009A8CA5 /* TestSavePDFUITests.swift in Sources */ = {isa = PBXBuildFile; fileRef = 6508076B28F53F53009A8CA5 /* TestSavePDFUITests.swift */; };
		6508076E28F53F53009A8CA5 /* TestSavePDFUITestsLaunchTests.swift in Sources */ = {isa = PBXBuildFile; fileRef = 6508076D28F53F53009A8CA5 /* TestSavePDFUITestsLaunchTests.swift */; };
/* End PBXBuildFile section */

/* Begin PBXContainerItemProxy section */
		6508075E28F53F53009A8CA5 /* PBXContainerItemProxy */ = {
			isa = PBXContainerItemProxy;
			containerPortal = 6508074528F53F51009A8CA5 /* Project object */;
			proxyType = 1;
			remoteGlobalIDString = 6508074C28F53F51009A8CA5;
			remoteInfo = TestSavePDF;
		};
		6508076828F53F53009A8CA5 /* PBXContainerItemProxy */ = {
			isa = PBXContainerItemProxy;
			containerPortal = 6508074528F53F51009A8CA5 /* Project object */;
			proxyType = 1;
			remoteGlobalIDString = 6508074C28F53F51009A8CA5;
			remoteInfo = TestSavePDF;
		};
/* End PBXContainerItemProxy section */

/* Begin PBXFileReference section */
		6508074D28F53F51009A8CA5 /* TestSavePDF.app */ = {isa = PBXFileReference; explicitFileType = wrapper.application; includeInIndex = 0; path = TestSavePDF.app; sourceTree = BUILT_PRODUCTS_DIR; };
		6508075028F53F51009A8CA5 /* TestSavePDFApp.swift */ = {isa = PBXFileReference; lastKnownFileType = sourcecode.swift; path = TestSavePDFApp.swift; sourceTree = "<group>"; };
		6508075228F53F51009A8CA5 /* ContentView.swift */ = {isa = PBXFileReference; lastKnownFileType = sourcecode.swift; path = ContentView.swift; sourceTree = "<group>"; };
		6508075428F53F53009A8CA5 /* Assets.xcassets */ = {isa = PBXFileReference; lastKnownFileType = folder.assetcatalog; path = Assets.xcassets; sourceTree = "<group>"; };
		6508075728F53F53009A8CA5 /* Preview Assets.xcassets */ = {isa = PBXFileReference; lastKnownFileType = folder.assetcatalog; path = "Preview Assets.xcassets"; sourceTree = "<group>"; };
		6508075D28F53F53009A8CA5 /* TestSavePDFTests.xctest */ = {isa = PBXFileReference; explicitFileType = wrapper.cfbundle; includeInIndex = 0; path = TestSavePDFTests.xctest; sourceTree = BUILT_PRODUCTS_DIR; };
		6508076128F53F53009A8CA5 /* TestSavePDFTests.swift */ = {isa = PBXFileReference; lastKnownFileType = sourcecode.swift; path = TestSavePDFTests.swift; sourceTree = "<group>"; };
		6508076728F53F53009A8CA5 /* TestSavePDFUITests.xctest */ = {isa = PBXFileReference; explicitFileType = wrapper.cfbundle; includeInIndex = 0; path = TestSavePDFUITests.xctest; sourceTree = BUILT_PRODUCTS_DIR; };
		6508076B28F53F53009A8CA5 /* TestSavePDFUITests.swift */ = {isa = PBXFileReference; lastKnownFileType = sourcecode.swift; path = TestSavePDFUITests.swift; sourceTree = "<group>"; };
		6508076D28F53F53009A8CA5 /* TestSavePDFUITestsLaunchTests.swift */ = {isa = PBXFileReference; lastKnownFileType = sourcecode.swift; path = TestSavePDFUITestsLaunchTests.swift; sourceTree = "<group>"; };
/* End PBXFileReference section */

/* Begin PBXFrameworksBuildPhase section */
		6508074A28F53F51009A8CA5 /* Frameworks */ = {
			isa = PBXFrameworksBuildPhase;
			buildActionMask = 2147483647;
			files = (
			);
			runOnlyForDeploymentPostprocessing = 0;
		};
		6508075A28F53F53009A8CA5 /* Frameworks */ = {
			isa = PBXFrameworksBuildPhase;
			buildActionMask = 2147483647;
			files = (
			);
			runOnlyForDeploymentPostprocessing = 0;
		};
		6508076428F53F53009A8CA5 /* Frameworks */ = {
			isa = PBXFrameworksBuildPhase;
			buildActionMask = 2147483647;
			files = (
			);
			runOnlyForDeploymentPostprocessing = 0;
		};
/* End PBXFrameworksBuildPhase section */

/* Begin PBXGroup section */
		6508074428F53F51009A8CA5 = {
			isa = PBXGroup;
			children = (
				6508074F28F53F51009A8CA5 /* TestSavePDF */,
				6508076028F53F53009A8CA5 /* TestSavePDFTests */,
				6508076A28F53F53009A8CA5 /* TestSavePDFUITests */,
				6508074E28F53F51009A8CA5 /* Products */,
			);
			sourceTree = "<group>";
		};
		6508074E28F53F51009A8CA5 /* Products */ = {
			isa = PBXGroup;
			children = (
				6508074D28F53F51009A8CA5 /* TestSavePDF.app */,
				6508075D28F53F53009A8CA5 /* TestSavePDFTests.xctest */,
				6508076728F53F53009A8CA5 /* TestSavePDFUITests.xctest */,
			);
			name = Products;
			sourceTree = "<group>";
		};
		6508074F28F53F51009A8CA5 /* TestSavePDF */ = {
			isa = PBXGroup;
			children = (
				6508075028F53F51009A8CA5 /* TestSavePDFApp.swift */,
				6508075228F53F51009A8CA5 /* ContentView.swift */,
				6508075428F53F53009A8CA5 /* Assets.xcassets */,
				6508075628F53F53009A8CA5 /* Preview Content */,
			);
			path = TestSavePDF;
			sourceTree = "<group>";
		};
		6508075628F53F53009A8CA5 /* Preview Content */ = {
			isa = PBXGroup;
			children = (
				6508075728F53F53009A8CA5 /* Preview Assets.xcassets */,
			);
			path = "Preview Content";
			sourceTree = "<group>";
		};
		6508076028F53F53009A8CA5 /* TestSavePDFTests */ = {
			isa = PBXGroup;
			children = (
				6508076128F53F53009A8CA5 /* TestSavePDFTests.swift */,
			);
			path = TestSavePDFTests;
			sourceTree = "<group>";
		};
		6508076A28F53F53009A8CA5 /* TestSavePDFUITests */ = {
			isa = PBXGroup;
			children = (
				6508076B28F53F53009A8CA5 /* TestSavePDFUITests.swift */,
				6508076D28F53F53009A8CA5 /* TestSavePDFUITestsLaunchTests.swift */,
			);
			path = TestSavePDFUITests;
			sourceTree = "<group>";
		};
/* End PBXGroup section */

/* Begin PBXNativeTarget section */
		6508074C28F53F51009A8CA5 /* TestSavePDF */ = {
			isa = PBXNativeTarget;
			buildConfigurationList = 6508077128F53F53009A8CA5 /* Build configuration list for PBXNativeTarget "TestSavePDF" */;
			buildPhases = (
				6508074928F53F51009A8CA5 /* Sources */,
				6508074A28F53F51009A8CA5 /* Frameworks */,
				6508074B28F53F51009A8CA5 /* Resources */,
			);
			buildRules = (
			);
			dependencies = (
			);
			name = TestSavePDF;
			productName = TestSavePDF;
			productReference = 6508074D28F53F51009A8CA5 /* TestSavePDF.app */;
			productType = "com.apple.product-type.application";
		};
		6508075C28F53F53009A8CA5 /* TestSavePDFTests */ = {
			isa = PBXNativeTarget;
			buildConfigurationList = 6508077428F53F53009A8CA5 /* Build configuration list for PBXNativeTarget "TestSavePDFTests" */;
			buildPhases = (
				6508075928F53F53009A8CA5 /* Sources */,
				6508075A28F53F53009A8CA5 /* Frameworks */,
				6508075B28F53F53009A8CA5 /* Resources */,
			);
			buildRules = (
			);
			dependencies = (
				6508075F28F53F53009A8CA5 /* PBXTargetDependency */,
			);
			name = TestSavePDFTests;
			productName = TestSavePDFTests;
			productReference = 6508075D28F53F53009A8CA5 /* TestSavePDFTests.xctest */;
			productType = "com.apple.product-type.bundle.unit-test";
		};
		6508076628F53F53009A8CA5 /* TestSavePDFUITests */ = {
			isa = PBXNativeTarget;
			buildConfigurationList = 6508077728F53F53009A8CA5 /* Build configuration list for PBXNativeTarget "TestSavePDFUITests" */;
			buildPhases = (
				6508076328F53F53009A8CA5 /* Sources */,
				6508076428F53F53009A8CA5 /* Frameworks */,
				6508076528F53F53009A8CA5 /* Resources */,
			);
			buildRules = (
			);
			dependencies = (
				6508076928F53F53009A8CA5 /* PBXTargetDependency */,
			);
			name = TestSavePDFUITests;
			productName = TestSavePDFUITests;
			productReference = 6508076728F53F53009A8CA5 /* TestSavePDFUITests.xctest */;
			productType = "com.apple.product-type.bundle.ui-testing";
		};
/* End PBXNativeTarget section */

/* Begin PBXProject section */
		6508074528F53F51009A8CA5 /* Project object */ = {
			isa = PBXProject;
			attributes = {
				BuildIndependentTargetsInParallel = 1;
				LastSwiftUpdateCheck = 1400;
				LastUpgradeCheck = 1400;
				TargetAttributes = {
					6508074C28F53F51009A8CA5 = {
						CreatedOnToolsVersion = 14.0.1;
					};
					6508075C28F53F53009A8CA5 = {
						CreatedOnToolsVersion = 14.0.1;
						TestTargetID = 6508074C28F53F51009A8CA5;
					};
					6508076628F53F53009A8CA5 = {
						CreatedOnToolsVersion = 14.0.1;
						TestTargetID = 6508074C28F53F51009A8CA5;
					};
				};
			};
			buildConfigurationList = 6508074828F53F51009A8CA5 /* Build configuration list for PBXProject "TestSavePDF" */;
			compatibilityVersion = "Xcode 14.0";
			developmentRegion = en;
			hasScannedForEncodings = 0;
			knownRegions = (
				en,
				Base,
			);
			mainGroup = 6508074428F53F51009A8CA5;
			productRefGroup = 6508074E28F53F51009A8CA5 /* Products */;
			projectDirPath = "";
			projectRoot = "";
			targets = (
				6508074C28F53F51009A8CA5 /* TestSavePDF */,
				6508075C28F53F53009A8CA5 /* TestSavePDFTests */,
				6508076628F53F53009A8CA5 /* TestSavePDFUITests */,
			);
		};
/* End PBXProject section */

/* Begin PBXResourcesBuildPhase section */
		6508074B28F53F51009A8CA5 /* Resources */ = {
			isa = PBXResourcesBuildPhase;
			buildActionMask = 2147483647;
			files = (
				6508075828F53F53009A8CA5 /* Preview Assets.xcassets in Resources */,
				6508075528F53F53009A8CA5 /* Assets.xcassets in Resources */,
			);
			runOnlyForDeploymentPostprocessing = 0;
		};
		6508075B28F53F53009A8CA5 /* Resources */ = {
			isa = PBXResourcesBuildPhase;
			buildActionMask = 2147483647;
			files = (
			);
			runOnlyForDeploymentPostprocessing = 0;
		};
		6508076528F53F53009A8CA5 /* Resources */ = {
			isa = PBXResourcesBuildPhase;
			buildActionMask = 2147483647;
			files = (
			);
			runOnlyForDeploymentPostprocessing = 0;
		};
/* End PBXResourcesBuildPhase section */

/* Begin PBXSourcesBuildPhase section */
		6508074928F53F51009A8CA5 /* Sources */ = {
			isa = PBXSourcesBuildPhase;
			buildActionMask = 2147483647;
			files = (
				6508075328F53F51009A8CA5 /* ContentView.swift in Sources */,
				6508075128F53F51009A8CA5 /* TestSavePDFApp.swift in Sources */,
			);
			runOnlyForDeploymentPostprocessing = 0;
		};
		6508075928F53F53009A8CA5 /* Sources */ = {
			isa = PBXSourcesBuildPhase;
			buildActionMask = 2147483647;
			files = (
				6508076228F53F53009A8CA5 /* TestSavePDFTests.swift in Sources */,
			);
			runOnlyForDeploymentPostprocessing = 0;
		};
		6508076328F53F53009A8CA5 /* Sources */ = {
			isa = PBXSourcesBuildPhase;
			buildActionMask = 2147483647;
			files = (
				6508076E28F53F53009A8CA5 /* TestSavePDFUITestsLaunchTests.swift in Sources */,
				6508076C28F53F53009A8CA5 /* TestSavePDFUITests.swift in Sources */,
			);
			runOnlyForDeploymentPostprocessing = 0;
		};
/* End PBXSourcesBuildPhase section */

/* Begin PBXTargetDependency section */
		6508075F28F53F53009A8CA5 /* PBXTargetDependency */ = {
			isa = PBXTargetDependency;
			target = 6508074C28F53F51009A8CA5 /* TestSavePDF */;
			targetProxy = 6508075E28F53F53009A8CA5 /* PBXContainerItemProxy */;
		};
		6508076928F53F53009A8CA5 /* PBXTargetDependency */ = {
			isa = PBXTargetDependency;
			target = 6508074C28F53F51009A8CA5 /* TestSavePDF */;
			targetProxy = 6508076828F53F53009A8CA5 /* PBXContainerItemProxy */;
		};
/* End PBXTargetDependency section */

/* Begin XCBuildConfiguration section */
		6508076F28F53F53009A8CA5 /* Debug */ = {
			isa = XCBuildConfiguration;
			buildSettings = {
				ALWAYS_SEARCH_USER_PATHS = NO;
				CLANG_ANALYZER_NONNULL = YES;
				CLANG_ANALYZER_NUMBER_OBJECT_CONVERSION = YES_AGGRESSIVE;
				CLANG_CXX_LANGUAGE_STANDARD = "gnu++20";
				CLANG_ENABLE_MODULES = YES;
				CLANG_ENABLE_OBJC_ARC = YES;
				CLANG_ENABLE_OBJC_WEAK = YES;
				CLANG_WARN_BLOCK_CAPTURE_AUTORELEASING = YES;
				CLANG_WARN_BOOL_CONVERSION = YES;
				CLANG_WARN_COMMA = YES;
				CLANG_WARN_CONSTANT_CONVERSION = YES;
				CLANG_WARN_DEPRECATED_OBJC_IMPLEMENTATIONS = YES;
				CLANG_WARN_DIRECT_OBJC_ISA_USAGE = YES_ERROR;
				CLANG_WARN_DOCUMENTATION_COMMENTS = YES;
				CLANG_WARN_EMPTY_BODY = YES;
				CLANG_WARN_ENUM_CONVERSION = YES;
				CLANG_WARN_INFINITE_RECURSION = YES;
				CLANG_WARN_INT_CONVERSION = YES;
				CLANG_WARN_NON_LITERAL_NULL_CONVERSION = YES;
				CLANG_WARN_OBJC_IMPLICIT_RETAIN_SELF = YES;
				CLANG_WARN_OBJC_LITERAL_CONVERSION = YES;
				CLANG_WARN_OBJC_ROOT_CLASS = YES_ERROR;
				CLANG_WARN_QUOTED_INCLUDE_IN_FRAMEWORK_HEADER = YES;
				CLANG_WARN_RANGE_LOOP_ANALYSIS = YES;
				CLANG_WARN_STRICT_PROTOTYPES = YES;
				CLANG_WARN_SUSPICIOUS_MOVE = YES;
				CLANG_WARN_UNGUARDED_AVAILABILITY = YES_AGGRESSIVE;
				CLANG_WARN_UNREACHABLE_CODE = YES;
				CLANG_WARN__DUPLICATE_METHOD_MATCH = YES;
				COPY_PHASE_STRIP = NO;
				DEBUG_INFORMATION_FORMAT = dwarf;
				ENABLE_STRICT_OBJC_MSGSEND = YES;
				ENABLE_TESTABILITY = YES;
				GCC_C_LANGUAGE_STANDARD = gnu11;
				GCC_DYNAMIC_NO_PIC = NO;
				GCC_NO_COMMON_BLOCKS = YES;
				GCC_OPTIMIZATION_LEVEL = 0;
				GCC_PREPROCESSOR_DEFINITIONS = (
					"DEBUG=1",
					"$(inherited)",
				);
				GCC_WARN_64_TO_32_BIT_CONVERSION = YES;
				GCC_WARN_ABOUT_RETURN_TYPE = YES_ERROR;
				GCC_WARN_UNDECLARED_SELECTOR = YES;
				GCC_WARN_UNINITIALIZED_AUTOS = YES_AGGRESSIVE;
				GCC_WARN_UNUSED_FUNCTION = YES;
				GCC_WARN_UNUSED_VARIABLE = YES;
				IPHONEOS_DEPLOYMENT_TARGET = 16.0;
				MTL_ENABLE_DEBUG_INFO = INCLUDE_SOURCE;
				MTL_FAST_MATH = YES;
				ONLY_ACTIVE_ARCH = YES;
				SDKROOT = iphoneos;
				SWIFT_ACTIVE_COMPILATION_CONDITIONS = DEBUG;
				SWIFT_OPTIMIZATION_LEVEL = "-Onone";
			};
			name = Debug;
		};
		6508077028F53F53009A8CA5 /* Release */ = {
			isa = XCBuildConfiguration;
			buildSettings = {
				ALWAYS_SEARCH_USER_PATHS = NO;
				CLANG_ANALYZER_NONNULL = YES;
				CLANG_ANALYZER_NUMBER_OBJECT_CONVERSION = YES_AGGRESSIVE;
				CLANG_CXX_LANGUAGE_STANDARD = "gnu++20";
				CLANG_ENABLE_MODULES = YES;
				CLANG_ENABLE_OBJC_ARC = YES;
				CLANG_ENABLE_OBJC_WEAK = YES;
				CLANG_WARN_BLOCK_CAPTURE_AUTORELEASING = YES;
				CLANG_WARN_BOOL_CONVERSION = YES;
				CLANG_WARN_COMMA = YES;
				CLANG_WARN_CONSTANT_CONVERSION = YES;
				CLANG_WARN_DEPRECATED_OBJC_IMPLEMENTATIONS = YES;
				CLANG_WARN_DIRECT_OBJC_ISA_USAGE = YES_ERROR;
				CLANG_WARN_DOCUMENTATION_COMMENTS = YES;
				CLANG_WARN_EMPTY_BODY = YES;
				CLANG_WARN_ENUM_CONVERSION = YES;
				CLANG_WARN_INFINITE_RECURSION = YES;
				CLANG_WARN_INT_CONVERSION = YES;
				CLANG_WARN_NON_LITERAL_NULL_CONVERSION = YES;
				CLANG_WARN_OBJC_IMPLICIT_RETAIN_SELF = YES;
				CLANG_WARN_OBJC_LITERAL_CONVERSION = YES;
				CLANG_WARN_OBJC_ROOT_CLASS = YES_ERROR;
				CLANG_WARN_QUOTED_INCLUDE_IN_FRAMEWORK_HEADER = YES;
				CLANG_WARN_RANGE_LOOP_ANALYSIS = YES;
				CLANG_WARN_STRICT_PROTOTYPES = YES;
				CLANG_WARN_SUSPICIOUS_MOVE = YES;
				CLANG_WARN_UNGUARDED_AVAILABILITY = YES_AGGRESSIVE;
				CLANG_WARN_UNREACHABLE_CODE = YES;
				CLANG_WARN__DUPLICATE_METHOD_MATCH = YES;
				COPY_PHASE_STRIP = NO;
				DEBUG_INFORMATION_FORMAT = "dwarf-with-dsym";
				ENABLE_NS_ASSERTIONS = NO;
				ENABLE_STRICT_OBJC_MSGSEND = YES;
				GCC_C_LANGUAGE_STANDARD = gnu11;
				GCC_NO_COMMON_BLOCKS = YES;
				GCC_WARN_64_TO_32_BIT_CONVERSION = YES;
				GCC_WARN_ABOUT_RETURN_TYPE = YES_ERROR;
				GCC_WARN_UNDECLARED_SELECTOR = YES;
				GCC_WARN_UNINITIALIZED_AUTOS = YES_AGGRESSIVE;
				GCC_WARN_UNUSED_FUNCTION = YES;
				GCC_WARN_UNUSED_VARIABLE = YES;
				IPHONEOS_DEPLOYMENT_TARGET = 16.0;
				MTL_ENABLE_DEBUG_INFO = NO;
				MTL_FAST_MATH = YES;
				SDKROOT = iphoneos;
				SWIFT_COMPILATION_MODE = wholemodule;
				SWIFT_OPTIMIZATION_LEVEL = "-O";
				VALIDATE_PRODUCT = YES;
			};
			name = Release;
		};
		6508077228F53F53009A8CA5 /* Debug */ = {
			isa = XCBuildConfiguration;
			buildSettings = {
				ASSETCATALOG_COMPILER_APPICON_NAME = AppIcon;
				ASSETCATALOG_COMPILER_GLOBAL_ACCENT_COLOR_NAME = AccentColor;
				CODE_SIGN_STYLE = Automatic;
				CURRENT_PROJECT_VERSION = 1;
				DEVELOPMENT_ASSET_PATHS = "\"TestSavePDF/Preview Content\"";
				DEVELOPMENT_TEAM = B434W34DLF;
				ENABLE_PREVIEWS = YES;
				GENERATE_INFOPLIST_FILE = YES;
				INFOPLIST_KEY_UIApplicationSceneManifest_Generation = YES;
				INFOPLIST_KEY_UIApplicationSupportsIndirectInputEvents = YES;
				INFOPLIST_KEY_UILaunchScreen_Generation = YES;
				INFOPLIST_KEY_UISupportedInterfaceOrientations_iPad = "UIInterfaceOrientationPortrait UIInterfaceOrientationPortraitUpsideDown UIInterfaceOrientationLandscapeLeft UIInterfaceOrientationLandscapeRight";
				INFOPLIST_KEY_UISupportedInterfaceOrientations_iPhone = "UIInterfaceOrientationPortrait UIInterfaceOrientationLandscapeLeft UIInterfaceOrientationLandscapeRight";
				LD_RUNPATH_SEARCH_PATHS = (
					"$(inherited)",
					"@executable_path/Frameworks",
				);
				MARKETING_VERSION = 1.0;
				PRODUCT_BUNDLE_IDENTIFIER = com.sunghongmin.TestSavePDF;
				PRODUCT_NAME = "$(TARGET_NAME)";
				SWIFT_EMIT_LOC_STRINGS = YES;
				SWIFT_VERSION = 5.0;
				TARGETED_DEVICE_FAMILY = "1,2";
			};
			name = Debug;
		};
		6508077328F53F53009A8CA5 /* Release */ = {
			isa = XCBuildConfiguration;
			buildSettings = {
				ASSETCATALOG_COMPILER_APPICON_NAME = AppIcon;
				ASSETCATALOG_COMPILER_GLOBAL_ACCENT_COLOR_NAME = AccentColor;
				CODE_SIGN_STYLE = Automatic;
				CURRENT_PROJECT_VERSION = 1;
				DEVELOPMENT_ASSET_PATHS = "\"TestSavePDF/Preview Content\"";
				DEVELOPMENT_TEAM = B434W34DLF;
				ENABLE_PREVIEWS = YES;
				GENERATE_INFOPLIST_FILE = YES;
				INFOPLIST_KEY_UIApplicationSceneManifest_Generation = YES;
				INFOPLIST_KEY_UIApplicationSupportsIndirectInputEvents = YES;
				INFOPLIST_KEY_UILaunchScreen_Generation = YES;
				INFOPLIST_KEY_UISupportedInterfaceOrientations_iPad = "UIInterfaceOrientationPortrait UIInterfaceOrientationPortraitUpsideDown UIInterfaceOrientationLandscapeLeft UIInterfaceOrientationLandscapeRight";
				INFOPLIST_KEY_UISupportedInterfaceOrientations_iPhone = "UIInterfaceOrientationPortrait UIInterfaceOrientationLandscapeLeft UIInterfaceOrientationLandscapeRight";
				LD_RUNPATH_SEARCH_PATHS = (
					"$(inherited)",
					"@executable_path/Frameworks",
				);
				MARKETING_VERSION = 1.0;
				PRODUCT_BUNDLE_IDENTIFIER = com.sunghongmin.TestSavePDF;
				PRODUCT_NAME = "$(TARGET_NAME)";
				SWIFT_EMIT_LOC_STRINGS = YES;
				SWIFT_VERSION = 5.0;
				TARGETED_DEVICE_FAMILY = "1,2";
			};
			name = Release;
		};
		6508077528F53F53009A8CA5 /* Debug */ = {
			isa = XCBuildConfiguration;
			buildSettings = {
				ALWAYS_EMBED_SWIFT_STANDARD_LIBRARIES = YES;
				BUNDLE_LOADER = "$(TEST_HOST)";
				CODE_SIGN_STYLE = Automatic;
				CURRENT_PROJECT_VERSION = 1;
				DEVELOPMENT_TEAM = B434W34DLF;
				GENERATE_INFOPLIST_FILE = YES;
				IPHONEOS_DEPLOYMENT_TARGET = 16.0;
				MARKETING_VERSION = 1.0;
				PRODUCT_BUNDLE_IDENTIFIER = com.sunghongmin.TestSavePDFTests;
				PRODUCT_NAME = "$(TARGET_NAME)";
				SWIFT_EMIT_LOC_STRINGS = NO;
				SWIFT_VERSION = 5.0;
				TARGETED_DEVICE_FAMILY = "1,2";
				TEST_HOST = "$(BUILT_PRODUCTS_DIR)/TestSavePDF.app/$(BUNDLE_EXECUTABLE_FOLDER_PATH)/TestSavePDF";
			};
			name = Debug;
		};
		6508077628F53F53009A8CA5 /* Release */ = {
			isa = XCBuildConfiguration;
			buildSettings = {
				ALWAYS_EMBED_SWIFT_STANDARD_LIBRARIES = YES;
				BUNDLE_LOADER = "$(TEST_HOST)";
				CODE_SIGN_STYLE = Automatic;
				CURRENT_PROJECT_VERSION = 1;
				DEVELOPMENT_TEAM = B434W34DLF;
				GENERATE_INFOPLIST_FILE = YES;
				IPHONEOS_DEPLOYMENT_TARGET = 16.0;
				MARKETING_VERSION = 1.0;
				PRODUCT_BUNDLE_IDENTIFIER = com.sunghongmin.TestSavePDFTests;
				PRODUCT_NAME = "$(TARGET_NAME)";
				SWIFT_EMIT_LOC_STRINGS = NO;
				SWIFT_VERSION = 5.0;
				TARGETED_DEVICE_FAMILY = "1,2";
				TEST_HOST = "$(BUILT_PRODUCTS_DIR)/TestSavePDF.app/$(BUNDLE_EXECUTABLE_FOLDER_PATH)/TestSavePDF";
			};
			name = Release;
		};
		6508077828F53F53009A8CA5 /* Debug */ = {
			isa = XCBuildConfiguration;
			buildSettings = {
				ALWAYS_EMBED_SWIFT_STANDARD_LIBRARIES = YES;
				CODE_SIGN_STYLE = Automatic;
				CURRENT_PROJECT_VERSION = 1;
				DEVELOPMENT_TEAM = B434W34DLF;
				GENERATE_INFOPLIST_FILE = YES;
				MARKETING_VERSION = 1.0;
				PRODUCT_BUNDLE_IDENTIFIER = com.sunghongmin.TestSavePDFUITests;
				PRODUCT_NAME = "$(TARGET_NAME)";
				SWIFT_EMIT_LOC_STRINGS = NO;
				SWIFT_VERSION = 5.0;
				TARGETED_DEVICE_FAMILY = "1,2";
				TEST_TARGET_NAME = TestSavePDF;
			};
			name = Debug;
		};
		6508077928F53F53009A8CA5 /* Release */ = {
			isa = XCBuildConfiguration;
			buildSettings = {
				ALWAYS_EMBED_SWIFT_STANDARD_LIBRARIES = YES;
				CODE_SIGN_STYLE = Automatic;
				CURRENT_PROJECT_VERSION = 1;
				DEVELOPMENT_TEAM = B434W34DLF;
				GENERATE_INFOPLIST_FILE = YES;
				MARKETING_VERSION = 1.0;
				PRODUCT_BUNDLE_IDENTIFIER = com.sunghongmin.TestSavePDFUITests;
				PRODUCT_NAME = "$(TARGET_NAME)";
				SWIFT_EMIT_LOC_STRINGS = NO;
				SWIFT_VERSION = 5.0;
				TARGETED_DEVICE_FAMILY = "1,2";
				TEST_TARGET_NAME = TestSavePDF;
			};
			name = Release;
		};
/* End XCBuildConfiguration section */

/* Begin XCConfigurationList section */
		6508074828F53F51009A8CA5 /* Build configuration list for PBXProject "TestSavePDF" */ = {
			isa = XCConfigurationList;
			buildConfigurations = (
				6508076F28F53F53009A8CA5 /* Debug */,
				6508077028F53F53009A8CA5 /* Release */,
			);
			defaultConfigurationIsVisible = 0;
			defaultConfigurationName = Release;
		};
		6508077128F53F53009A8CA5 /* Build configuration list for PBXNativeTarget "TestSavePDF" */ = {
			isa = XCConfigurationList;
			buildConfigurations = (
				6508077228F53F53009A8CA5 /* Debug */,
				6508077328F53F53009A8CA5 /* Release */,
			);
			defaultConfigurationIsVisible = 0;
			defaultConfigurationName = Release;
		};
		6508077428F53F53009A8CA5 /* Build configuration list for PBXNativeTarget "TestSavePDFTests" */ = {
			isa = XCConfigurationList;
			buildConfigurations = (
				6508077528F53F53009A8CA5 /* Debug */,
				6508077628F53F53009A8CA5 /* Release */,
			);
			defaultConfigurationIsVisible = 0;
			defaultConfigurationName = Release;
		};
		6508077728F53F53009A8CA5 /* Build configuration list for PBXNativeTarget "TestSavePDFUITests" */ = {
			isa = XCConfigurationList;
			buildConfigurations = (
				6508077828F53F53009A8CA5 /* Debug */,
				6508077928F53F53009A8CA5 /* Release */,
			);
			defaultConfigurationIsVisible = 0;
			defaultConfigurationName = Release;
		};
/* End XCConfigurationList section */
	};
	rootObject = 6508074528F53F51009A8CA5 /* Project object */;
}
